
Microsoft Visual Studio Solution File, Format Version 12.00
# Visual Studio Version 17
VisualStudioVersion = 17.5.33502.453
MinimumVisualStudioVersion = 10.0.40219.1
Project("{FAE04EC0-301F-11D3-BF4B-00C04F79EFBC}") = "Dapper_Shop.API", "Dapper_Shop.API.csproj", "{031FB7B9-9799-4617-A44B-3B3B07464D06}"
EndProject
Project("{FAE04EC0-301F-11D3-BF4B-00C04F79EFBC}") = "Dapper_Shop.Domain", "..\Dapper_Shop.Domain\Dapper_Shop.Domain.csproj", "{50B0DC4F-9351-4913-AF9A-0317356A406C}"
EndProject
Project("{FAE04EC0-301F-11D3-BF4B-00C04F79EFBC}") = "Dapper_Shop.Domain.UseCases", "..\Dapper_Shop.Domain.UseCases\Dapper_Shop.Domain.UseCases.csproj", "{AD47034F-6E92-4399-8CA4-F8E34765C6DC}"
EndProject
Project("{FAE04EC0-301F-11D3-BF4B-00C04F79EFBC}") = "Dapper_Shop.Infrastructure", "..\Dapper_Shop.Infrastructure\Dapper_Shop.Infrastructure.csproj", "{B3D4003C-F794-4725-B8F4-813750A6F0DA}"
EndProject
Global
	GlobalSection(SolutionConfigurationPlatforms) = preSolution
		Debug|Any CPU = Debug|Any CPU
		Release|Any CPU = Release|Any CPU
	EndGlobalSection
	GlobalSection(ProjectConfigurationPlatforms) = postSolution
		{031FB7B9-9799-4617-A44B-3B3B07464D06}.Debug|Any CPU.ActiveCfg = Debug|Any CPU
		{031FB7B9-9799-4617-A44B-3B3B07464D06}.Debug|Any CPU.Build.0 = Debug|Any CPU
		{031FB7B9-9799-4617-A44B-3B3B07464D06}.Release|Any CPU.ActiveCfg = Release|Any CPU
		{031FB7B9-9799-4617-A44B-3B3B07464D06}.Release|Any CPU.Build.0 = Release|Any CPU
		{50B0DC4F-9351-4913-AF9A-0317356A406C}.Debug|Any CPU.ActiveCfg = Debug|Any CPU
		{50B0DC4F-9351-4913-AF9A-0317356A406C}.Debug|Any CPU.Build.0 = Debug|Any CPU
		{50B0DC4F-9351-4913-AF9A-0317356A406C}.Release|Any CPU.ActiveCfg = Release|Any CPU
		{50B0DC4F-9351-4913-AF9A-0317356A406C}.Release|Any CPU.Build.0 = Release|Any CPU
		{AD47034F-6E92-4399-8CA4-F8E34765C6DC}.Debug|Any CPU.ActiveCfg = Debug|Any CPU
		{AD47034F-6E92-4399-8CA4-F8E34765C6DC}.Debug|Any CPU.Build.0 = Debug|Any CPU
		{AD47034F-6E92-4399-8CA4-F8E34765C6DC}.Release|Any CPU.ActiveCfg = Release|Any CPU
		{AD47034F-6E92-4399-8CA4-F8E34765C6DC}.Release|Any CPU.Build.0 = Release|Any CPU
		{B3D4003C-F794-4725-B8F4-813750A6F0DA}.Debug|Any CPU.ActiveCfg = Debug|Any CPU
		{B3D4003C-F794-4725-B8F4-813750A6F0DA}.Debug|Any CPU.Build.0 = Debug|Any CPU
		{B3D4003C-F794-4725-B8F4-813750A6F0DA}.Release|Any CPU.ActiveCfg = Release|Any CPU
		{B3D4003C-F794-4725-B8F4-813750A6F0DA}.Release|Any CPU.Build.0 = Release|Any CPU
	EndGlobalSection
	GlobalSection(SolutionProperties) = preSolution
		HideSolutionNode = FALSE
	EndGlobalSection
	GlobalSection(ExtensibilityGlobals) = postSolution
		SolutionGuid = {EDE77599-7618-4468-BEE7-842B3140C314}
	EndGlobalSection
EndGlobal
